// !$*UTF8*$!
{
	archiveVersion = 1;
	classes = {
	};
	objectVersion = 55;
	objects = {

/* Begin PBXBuildFile section */
		771EBFEB281AA0DD0079DCCD /* jingle-bells-jazzy-style-christmas-swing-music.mp3 in Resources */ = {isa = PBXBuildFile; fileRef = 771EBFE5281AA0DC0079DCCD /* jingle-bells-jazzy-style-christmas-swing-music.mp3 */; };
		771EBFEC281AA0DD0079DCCD /* jazzy-background-music.mp3 in Resources */ = {isa = PBXBuildFile; fileRef = 771EBFE6281AA0DC0079DCCD /* jazzy-background-music.mp3 */; };
		771EBFED281AA0DD0079DCCD /* jazz-for-dummies-big-band-guitar.mp3 in Resources */ = {isa = PBXBuildFile; fileRef = 771EBFE7281AA0DC0079DCCD /* jazz-for-dummies-big-band-guitar.mp3 */; };
		771EBFEE281AA0DD0079DCCD /* the-epic-trailer.mp3 in Resources */ = {isa = PBXBuildFile; fileRef = 771EBFE8281AA0DD0079DCCD /* the-epic-trailer.mp3 */; };
		771EBFEF281AA0DD0079DCCD /* lo-fi-beauty.mp3 in Resources */ = {isa = PBXBuildFile; fileRef = 771EBFE9281AA0DD0079DCCD /* lo-fi-beauty.mp3 */; };
		771EBFF0281AA0DD0079DCCD /* jazzy-abstract-beat.mp3 in Resources */ = {isa = PBXBuildFile; fileRef = 771EBFEA281AA0DD0079DCCD /* jazzy-abstract-beat.mp3 */; };
		771EBFF2282E992B0079DCCD /* MiniPlayerVC.swift in Sources */ = {isa = PBXBuildFile; fileRef = 771EBFF1282E992B0079DCCD /* MiniPlayerVC.swift */; };
		771EBFF4282FB2EA0079DCCD /* CFPlayButton.swift in Sources */ = {isa = PBXBuildFile; fileRef = 771EBFF3282FB2EA0079DCCD /* CFPlayButton.swift */; };
		771EBFF62833BE970079DCCD /* Audio.swift in Sources */ = {isa = PBXBuildFile; fileRef = 771EBFF52833BE970079DCCD /* Audio.swift */; };
		77789EEA2815858800C369C6 /* AppDelegate.swift in Sources */ = {isa = PBXBuildFile; fileRef = 77789EE92815858800C369C6 /* AppDelegate.swift */; };
		77789EEC2815858800C369C6 /* SceneDelegate.swift in Sources */ = {isa = PBXBuildFile; fileRef = 77789EEB2815858800C369C6 /* SceneDelegate.swift */; };
		77789EF32815858900C369C6 /* Assets.xcassets in Resources */ = {isa = PBXBuildFile; fileRef = 77789EF22815858900C369C6 /* Assets.xcassets */; };
		77789EF62815858900C369C6 /* LaunchScreen.storyboard in Resources */ = {isa = PBXBuildFile; fileRef = 77789EF42815858900C369C6 /* LaunchScreen.storyboard */; };
		77789EFE281586B800C369C6 /* CrossfadeVC.swift in Sources */ = {isa = PBXBuildFile; fileRef = 77789EFD281586B800C369C6 /* CrossfadeVC.swift */; };
		77789F00281586C700C369C6 /* AudioListVC.swift in Sources */ = {isa = PBXBuildFile; fileRef = 77789EFF281586C700C369C6 /* AudioListVC.swift */; };
		77789F032815888D00C369C6 /* CFAudioPlayer.swift in Sources */ = {isa = PBXBuildFile; fileRef = 77789F022815888D00C369C6 /* CFAudioPlayer.swift */; };
		77789F05281588A800C369C6 /* CFError.swift in Sources */ = {isa = PBXBuildFile; fileRef = 77789F04281588A800C369C6 /* CFError.swift */; };
		77789F08281588C100C369C6 /* CFButton.swift in Sources */ = {isa = PBXBuildFile; fileRef = 77789F07281588C100C369C6 /* CFButton.swift */; };
		77AB7888281597230028516E /* SnapKit in Frameworks */ = {isa = PBXBuildFile; productRef = 77AB7887281597230028516E /* SnapKit */; };
/* End PBXBuildFile section */

/* Begin PBXFileReference section */
		771EBFE5281AA0DC0079DCCD /* jingle-bells-jazzy-style-christmas-swing-music.mp3 */ = {isa = PBXFileReference; lastKnownFileType = audio.mp3; path = "jingle-bells-jazzy-style-christmas-swing-music.mp3"; sourceTree = "<group>"; };
		771EBFE6281AA0DC0079DCCD /* jazzy-background-music.mp3 */ = {isa = PBXFileReference; lastKnownFileType = audio.mp3; path = "jazzy-background-music.mp3"; sourceTree = "<group>"; };
		771EBFE7281AA0DC0079DCCD /* jazz-for-dummies-big-band-guitar.mp3 */ = {isa = PBXFileReference; lastKnownFileType = audio.mp3; path = "jazz-for-dummies-big-band-guitar.mp3"; sourceTree = "<group>"; };
		771EBFE8281AA0DD0079DCCD /* the-epic-trailer.mp3 */ = {isa = PBXFileReference; lastKnownFileType = audio.mp3; path = "the-epic-trailer.mp3"; sourceTree = "<group>"; };
		771EBFE9281AA0DD0079DCCD /* lo-fi-beauty.mp3 */ = {isa = PBXFileReference; lastKnownFileType = audio.mp3; path = "lo-fi-beauty.mp3"; sourceTree = "<group>"; };
		771EBFEA281AA0DD0079DCCD /* jazzy-abstract-beat.mp3 */ = {isa = PBXFileReference; lastKnownFileType = audio.mp3; path = "jazzy-abstract-beat.mp3"; sourceTree = "<group>"; };
		771EBFF1282E992B0079DCCD /* MiniPlayerVC.swift */ = {isa = PBXFileReference; lastKnownFileType = sourcecode.swift; path = MiniPlayerVC.swift; sourceTree = "<group>"; };
		771EBFF3282FB2EA0079DCCD /* CFPlayButton.swift */ = {isa = PBXFileReference; lastKnownFileType = sourcecode.swift; path = CFPlayButton.swift; sourceTree = "<group>"; };
		771EBFF52833BE970079DCCD /* Audio.swift */ = {isa = PBXFileReference; lastKnownFileType = sourcecode.swift; path = Audio.swift; sourceTree = "<group>"; };
		77789EE62815858800C369C6 /* CrossfadePlayer.app */ = {isa = PBXFileReference; explicitFileType = wrapper.application; includeInIndex = 0; path = CrossfadePlayer.app; sourceTree = BUILT_PRODUCTS_DIR; };
		77789EE92815858800C369C6 /* AppDelegate.swift */ = {isa = PBXFileReference; lastKnownFileType = sourcecode.swift; path = AppDelegate.swift; sourceTree = "<group>"; };
		77789EEB2815858800C369C6 /* SceneDelegate.swift */ = {isa = PBXFileReference; lastKnownFileType = sourcecode.swift; path = SceneDelegate.swift; sourceTree = "<group>"; };
		77789EF22815858900C369C6 /* Assets.xcassets */ = {isa = PBXFileReference; lastKnownFileType = folder.assetcatalog; path = Assets.xcassets; sourceTree = "<group>"; };
		77789EF52815858900C369C6 /* Base */ = {isa = PBXFileReference; lastKnownFileType = file.storyboard; name = Base; path = Base.lproj/LaunchScreen.storyboard; sourceTree = "<group>"; };
		77789EF72815858900C369C6 /* Info.plist */ = {isa = PBXFileReference; lastKnownFileType = text.plist.xml; path = Info.plist; sourceTree = "<group>"; };
		77789EFD281586B800C369C6 /* CrossfadeVC.swift */ = {isa = PBXFileReference; lastKnownFileType = sourcecode.swift; path = CrossfadeVC.swift; sourceTree = "<group>"; };
		77789EFF281586C700C369C6 /* AudioListVC.swift */ = {isa = PBXFileReference; lastKnownFileType = sourcecode.swift; path = AudioListVC.swift; sourceTree = "<group>"; };
		77789F022815888D00C369C6 /* CFAudioPlayer.swift */ = {isa = PBXFileReference; lastKnownFileType = sourcecode.swift; path = CFAudioPlayer.swift; sourceTree = "<group>"; };
		77789F04281588A800C369C6 /* CFError.swift */ = {isa = PBXFileReference; lastKnownFileType = sourcecode.swift; path = CFError.swift; sourceTree = "<group>"; };
		77789F07281588C100C369C6 /* CFButton.swift */ = {isa = PBXFileReference; lastKnownFileType = sourcecode.swift; path = CFButton.swift; sourceTree = "<group>"; };
/* End PBXFileReference section */

/* Begin PBXFrameworksBuildPhase section */
		77789EE32815858800C369C6 /* Frameworks */ = {
			isa = PBXFrameworksBuildPhase;
			buildActionMask = 2147483647;
			files = (
				77AB7888281597230028516E /* SnapKit in Frameworks */,
			);
			runOnlyForDeploymentPostprocessing = 0;
		};
/* End PBXFrameworksBuildPhase section */

/* Begin PBXGroup section */
		771EBFF72833C06A0079DCCD /* DTO */ = {
			isa = PBXGroup;
			children = (
				771EBFF52833BE970079DCCD /* Audio.swift */,
			);
			path = DTO;
			sourceTree = "<group>";
		};
		77789EDD2815858800C369C6 = {
			isa = PBXGroup;
			children = (
				77789EE82815858800C369C6 /* CrossfadePlayer */,
				77789EE72815858800C369C6 /* Products */,
			);
			sourceTree = "<group>";
		};
		77789EE72815858800C369C6 /* Products */ = {
			isa = PBXGroup;
			children = (
				77789EE62815858800C369C6 /* CrossfadePlayer.app */,
			);
			name = Products;
			sourceTree = "<group>";
		};
		77789EE82815858800C369C6 /* CrossfadePlayer */ = {
			isa = PBXGroup;
			children = (
				77AB7889281598970028516E /* Screens */,
				77AB788C281598C10028516E /* Player */,
				77AB788D281598CA0028516E /* CustomViews */,
				77AB788F281599320028516E /* Audio */,
				77AB788A281598A80028516E /* Others */,
				77789EF72815858900C369C6 /* Info.plist */,
			);
			path = CrossfadePlayer;
			sourceTree = "<group>";
		};
		77AB7889281598970028516E /* Screens */ = {
			isa = PBXGroup;
			children = (
				77789EFD281586B800C369C6 /* CrossfadeVC.swift */,
				77789EFF281586C700C369C6 /* AudioListVC.swift */,
				771EBFF1282E992B0079DCCD /* MiniPlayerVC.swift */,
			);
			path = Screens;
			sourceTree = "<group>";
		};
		77AB788A281598A80028516E /* Others */ = {
			isa = PBXGroup;
			children = (
				77789EE92815858800C369C6 /* AppDelegate.swift */,
				77789EEB2815858800C369C6 /* SceneDelegate.swift */,
				77789EF22815858900C369C6 /* Assets.xcassets */,
				77789EF42815858900C369C6 /* LaunchScreen.storyboard */,
			);
			path = Others;
			sourceTree = "<group>";
		};
		77AB788C281598C10028516E /* Player */ = {
			isa = PBXGroup;
			children = (
				77789F022815888D00C369C6 /* CFAudioPlayer.swift */,
				77789F04281588A800C369C6 /* CFError.swift */,
				771EBFF72833C06A0079DCCD /* DTO */,
			);
			path = Player;
			sourceTree = "<group>";
		};
		77AB788D281598CA0028516E /* CustomViews */ = {
			isa = PBXGroup;
			children = (
				77789F07281588C100C369C6 /* CFButton.swift */,
				771EBFF3282FB2EA0079DCCD /* CFPlayButton.swift */,
			);
			path = CustomViews;
			sourceTree = "<group>";
		};
		77AB788F281599320028516E /* Audio */ = {
			isa = PBXGroup;
			children = (
				771EBFE7281AA0DC0079DCCD /* jazz-for-dummies-big-band-guitar.mp3 */,
				771EBFEA281AA0DD0079DCCD /* jazzy-abstract-beat.mp3 */,
				771EBFE6281AA0DC0079DCCD /* jazzy-background-music.mp3 */,
				771EBFE5281AA0DC0079DCCD /* jingle-bells-jazzy-style-christmas-swing-music.mp3 */,
				771EBFE9281AA0DD0079DCCD /* lo-fi-beauty.mp3 */,
				771EBFE8281AA0DD0079DCCD /* the-epic-trailer.mp3 */,
			);
			path = Audio;
			sourceTree = "<group>";
		};
/* End PBXGroup section */

/* Begin PBXNativeTarget section */
		77789EE52815858800C369C6 /* CrossfadePlayer */ = {
			isa = PBXNativeTarget;
			buildConfigurationList = 77789EFA2815858900C369C6 /* Build configuration list for PBXNativeTarget "CrossfadePlayer" */;
			buildPhases = (
				77789EE22815858800C369C6 /* Sources */,
				77789EE32815858800C369C6 /* Frameworks */,
				77789EE42815858800C369C6 /* Resources */,
			);
			buildRules = (
			);
			dependencies = (
			);
			name = CrossfadePlayer;
			packageProductDependencies = (
				77AB7887281597230028516E /* SnapKit */,
			);
			productName = CrossfadePlayer;
			productReference = 77789EE62815858800C369C6 /* CrossfadePlayer.app */;
			productType = "com.apple.product-type.application";
		};
/* End PBXNativeTarget section */

/* Begin PBXProject section */
		77789EDE2815858800C369C6 /* Project object */ = {
			isa = PBXProject;
			attributes = {
				BuildIndependentTargetsInParallel = 1;
				LastSwiftUpdateCheck = 1320;
				LastUpgradeCheck = 1320;
				TargetAttributes = {
					77789EE52815858800C369C6 = {
						CreatedOnToolsVersion = 13.2.1;
					};
				};
			};
			buildConfigurationList = 77789EE12815858800C369C6 /* Build configuration list for PBXProject "CrossfadePlayer" */;
			compatibilityVersion = "Xcode 13.0";
			developmentRegion = en;
			hasScannedForEncodings = 0;
			knownRegions = (
				en,
				Base,
			);
			mainGroup = 77789EDD2815858800C369C6;
			packageReferences = (
				77AB7886281597230028516E /* XCRemoteSwiftPackageReference "SnapKit" */,
			);
			productRefGroup = 77789EE72815858800C369C6 /* Products */;
			projectDirPath = "";
			projectRoot = "";
			targets = (
				77789EE52815858800C369C6 /* CrossfadePlayer */,
			);
		};
/* End PBXProject section */

/* Begin PBXResourcesBuildPhase section */
		77789EE42815858800C369C6 /* Resources */ = {
			isa = PBXResourcesBuildPhase;
			buildActionMask = 2147483647;
			files = (
				771EBFEB281AA0DD0079DCCD /* jingle-bells-jazzy-style-christmas-swing-music.mp3 in Resources */,
				77789EF62815858900C369C6 /* LaunchScreen.storyboard in Resources */,
				771EBFEF281AA0DD0079DCCD /* lo-fi-beauty.mp3 in Resources */,
				77789EF32815858900C369C6 /* Assets.xcassets in Resources */,
				771EBFEC281AA0DD0079DCCD /* jazzy-background-music.mp3 in Resources */,
				771EBFEE281AA0DD0079DCCD /* the-epic-trailer.mp3 in Resources */,
				771EBFED281AA0DD0079DCCD /* jazz-for-dummies-big-band-guitar.mp3 in Resources */,
				771EBFF0281AA0DD0079DCCD /* jazzy-abstract-beat.mp3 in Resources */,
			);
			runOnlyForDeploymentPostprocessing = 0;
		};
/* End PBXResourcesBuildPhase section */

/* Begin PBXSourcesBuildPhase section */
		77789EE22815858800C369C6 /* Sources */ = {
			isa = PBXSourcesBuildPhase;
			buildActionMask = 2147483647;
			files = (
				771EBFF2282E992B0079DCCD /* MiniPlayerVC.swift in Sources */,
				77789EEA2815858800C369C6 /* AppDelegate.swift in Sources */,
				77789F032815888D00C369C6 /* CFAudioPlayer.swift in Sources */,
				77789EEC2815858800C369C6 /* SceneDelegate.swift in Sources */,
				771EBFF62833BE970079DCCD /* Audio.swift in Sources */,
				771EBFF4282FB2EA0079DCCD /* CFPlayButton.swift in Sources */,
				77789F00281586C700C369C6 /* AudioListVC.swift in Sources */,
				77789F05281588A800C369C6 /* CFError.swift in Sources */,
				77789F08281588C100C369C6 /* CFButton.swift in Sources */,
				77789EFE281586B800C369C6 /* CrossfadeVC.swift in Sources */,
			);
			runOnlyForDeploymentPostprocessing = 0;
		};
/* End PBXSourcesBuildPhase section */

/* Begin PBXVariantGroup section */
		77789EF42815858900C369C6 /* LaunchScreen.storyboard */ = {
			isa = PBXVariantGroup;
			children = (
				77789EF52815858900C369C6 /* Base */,
			);
			name = LaunchScreen.storyboard;
			sourceTree = "<group>";
		};
/* End PBXVariantGroup section */

/* Begin XCBuildConfiguration section */
		77789EF82815858900C369C6 /* Debug */ = {
			isa = XCBuildConfiguration;
			buildSettings = {
				ALWAYS_SEARCH_USER_PATHS = NO;
				CLANG_ANALYZER_NONNULL = YES;
				CLANG_ANALYZER_NUMBER_OBJECT_CONVERSION = YES_AGGRESSIVE;
				CLANG_CXX_LANGUAGE_STANDARD = "gnu++17";
				CLANG_CXX_LIBRARY = "libc++";
				CLANG_ENABLE_MODULES = YES;
				CLANG_ENABLE_OBJC_ARC = YES;
				CLANG_ENABLE_OBJC_WEAK = YES;
				CLANG_WARN_BLOCK_CAPTURE_AUTORELEASING = YES;
				CLANG_WARN_BOOL_CONVERSION = YES;
				CLANG_WARN_COMMA = YES;
				CLANG_WARN_CONSTANT_CONVERSION = YES;
				CLANG_WARN_DEPRECATED_OBJC_IMPLEMENTATIONS = YES;
				CLANG_WARN_DIRECT_OBJC_ISA_USAGE = YES_ERROR;
				CLANG_WARN_DOCUMENTATION_COMMENTS = YES;
				CLANG_WARN_EMPTY_BODY = YES;
				CLANG_WARN_ENUM_CONVERSION = YES;
				CLANG_WARN_INFINITE_RECURSION = YES;
				CLANG_WARN_INT_CONVERSION = YES;
				CLANG_WARN_NON_LITERAL_NULL_CONVERSION = YES;
				CLANG_WARN_OBJC_IMPLICIT_RETAIN_SELF = YES;
				CLANG_WARN_OBJC_LITERAL_CONVERSION = YES;
				CLANG_WARN_OBJC_ROOT_CLASS = YES_ERROR;
				CLANG_WARN_QUOTED_INCLUDE_IN_FRAMEWORK_HEADER = YES;
				CLANG_WARN_RANGE_LOOP_ANALYSIS = YES;
				CLANG_WARN_STRICT_PROTOTYPES = YES;
				CLANG_WARN_SUSPICIOUS_MOVE = YES;
				CLANG_WARN_UNGUARDED_AVAILABILITY = YES_AGGRESSIVE;
				CLANG_WARN_UNREACHABLE_CODE = YES;
				CLANG_WARN__DUPLICATE_METHOD_MATCH = YES;
				COPY_PHASE_STRIP = NO;
				DEBUG_INFORMATION_FORMAT = dwarf;
				ENABLE_STRICT_OBJC_MSGSEND = YES;
				ENABLE_TESTABILITY = YES;
				GCC_C_LANGUAGE_STANDARD = gnu11;
				GCC_DYNAMIC_NO_PIC = NO;
				GCC_NO_COMMON_BLOCKS = YES;
				GCC_OPTIMIZATION_LEVEL = 0;
				GCC_PREPROCESSOR_DEFINITIONS = (
					"DEBUG=1",
					"$(inherited)",
				);
				GCC_WARN_64_TO_32_BIT_CONVERSION = YES;
				GCC_WARN_ABOUT_RETURN_TYPE = YES_ERROR;
				GCC_WARN_UNDECLARED_SELECTOR = YES;
				GCC_WARN_UNINITIALIZED_AUTOS = YES_AGGRESSIVE;
				GCC_WARN_UNUSED_FUNCTION = YES;
				GCC_WARN_UNUSED_VARIABLE = YES;
				IPHONEOS_DEPLOYMENT_TARGET = 15.2;
				MTL_ENABLE_DEBUG_INFO = INCLUDE_SOURCE;
				MTL_FAST_MATH = YES;
				ONLY_ACTIVE_ARCH = YES;
				SDKROOT = iphoneos;
				SWIFT_ACTIVE_COMPILATION_CONDITIONS = DEBUG;
				SWIFT_OPTIMIZATION_LEVEL = "-Onone";
			};
			name = Debug;
		};
		77789EF92815858900C369C6 /* Release */ = {
			isa = XCBuildConfiguration;
			buildSettings = {
				ALWAYS_SEARCH_USER_PATHS = NO;
				CLANG_ANALYZER_NONNULL = YES;
				CLANG_ANALYZER_NUMBER_OBJECT_CONVERSION = YES_AGGRESSIVE;
				CLANG_CXX_LANGUAGE_STANDARD = "gnu++17";
				CLANG_CXX_LIBRARY = "libc++";
				CLANG_ENABLE_MODULES = YES;
				CLANG_ENABLE_OBJC_ARC = YES;
				CLANG_ENABLE_OBJC_WEAK = YES;
				CLANG_WARN_BLOCK_CAPTURE_AUTORELEASING = YES;
				CLANG_WARN_BOOL_CONVERSION = YES;
				CLANG_WARN_COMMA = YES;
				CLANG_WARN_CONSTANT_CONVERSION = YES;
				CLANG_WARN_DEPRECATED_OBJC_IMPLEMENTATIONS = YES;
				CLANG_WARN_DIRECT_OBJC_ISA_USAGE = YES_ERROR;
				CLANG_WARN_DOCUMENTATION_COMMENTS = YES;
				CLANG_WARN_EMPTY_BODY = YES;
				CLANG_WARN_ENUM_CONVERSION = YES;
				CLANG_WARN_INFINITE_RECURSION = YES;
				CLANG_WARN_INT_CONVERSION = YES;
				CLANG_WARN_NON_LITERAL_NULL_CONVERSION = YES;
				CLANG_WARN_OBJC_IMPLICIT_RETAIN_SELF = YES;
				CLANG_WARN_OBJC_LITERAL_CONVERSION = YES;
				CLANG_WARN_OBJC_ROOT_CLASS = YES_ERROR;
				CLANG_WARN_QUOTED_INCLUDE_IN_FRAMEWORK_HEADER = YES;
				CLANG_WARN_RANGE_LOOP_ANALYSIS = YES;
				CLANG_WARN_STRICT_PROTOTYPES = YES;
				CLANG_WARN_SUSPICIOUS_MOVE = YES;
				CLANG_WARN_UNGUARDED_AVAILABILITY = YES_AGGRESSIVE;
				CLANG_WARN_UNREACHABLE_CODE = YES;
				CLANG_WARN__DUPLICATE_METHOD_MATCH = YES;
				COPY_PHASE_STRIP = NO;
				DEBUG_INFORMATION_FORMAT = "dwarf-with-dsym";
				ENABLE_NS_ASSERTIONS = NO;
				ENABLE_STRICT_OBJC_MSGSEND = YES;
				GCC_C_LANGUAGE_STANDARD = gnu11;
				GCC_NO_COMMON_BLOCKS = YES;
				GCC_WARN_64_TO_32_BIT_CONVERSION = YES;
				GCC_WARN_ABOUT_RETURN_TYPE = YES_ERROR;
				GCC_WARN_UNDECLARED_SELECTOR = YES;
				GCC_WARN_UNINITIALIZED_AUTOS = YES_AGGRESSIVE;
				GCC_WARN_UNUSED_FUNCTION = YES;
				GCC_WARN_UNUSED_VARIABLE = YES;
				IPHONEOS_DEPLOYMENT_TARGET = 15.2;
				MTL_ENABLE_DEBUG_INFO = NO;
				MTL_FAST_MATH = YES;
				SDKROOT = iphoneos;
				SWIFT_COMPILATION_MODE = wholemodule;
				SWIFT_OPTIMIZATION_LEVEL = "-O";
				VALIDATE_PRODUCT = YES;
			};
			name = Release;
		};
		77789EFB2815858900C369C6 /* Debug */ = {
			isa = XCBuildConfiguration;
			buildSettings = {
				ASSETCATALOG_COMPILER_APPICON_NAME = AppIcon;
				ASSETCATALOG_COMPILER_GLOBAL_ACCENT_COLOR_NAME = AccentColor;
				CODE_SIGN_STYLE = Automatic;
				CURRENT_PROJECT_VERSION = 1;
				DEVELOPMENT_TEAM = H7H9P2C2C5;
				GENERATE_INFOPLIST_FILE = YES;
				INFOPLIST_FILE = CrossfadePlayer/Info.plist;
				INFOPLIST_KEY_UIApplicationSupportsIndirectInputEvents = YES;
				INFOPLIST_KEY_UILaunchStoryboardName = LaunchScreen;
				INFOPLIST_KEY_UISupportedInterfaceOrientations_iPad = "UIInterfaceOrientationPortrait UIInterfaceOrientationPortraitUpsideDown UIInterfaceOrientationLandscapeLeft UIInterfaceOrientationLandscapeRight";
				INFOPLIST_KEY_UISupportedInterfaceOrientations_iPhone = "UIInterfaceOrientationPortrait UIInterfaceOrientationLandscapeLeft UIInterfaceOrientationLandscapeRight";
				LD_RUNPATH_SEARCH_PATHS = (
					"$(inherited)",
					"@executable_path/Frameworks",
				);
				MARKETING_VERSION = 1.0;
				PRODUCT_BUNDLE_IDENTIFIER = "Egor-Tushev.CrossfadePlayer";
				PRODUCT_NAME = "$(TARGET_NAME)";
				SWIFT_EMIT_LOC_STRINGS = YES;
				SWIFT_VERSION = 5.0;
				TARGETED_DEVICE_FAMILY = "1,2";
			};
			name = Debug;
		};
		77789EFC2815858900C369C6 /* Release */ = {
			isa = XCBuildConfiguration;
			buildSettings = {
				ASSETCATALOG_COMPILER_APPICON_NAME = AppIcon;
				ASSETCATALOG_COMPILER_GLOBAL_ACCENT_COLOR_NAME = AccentColor;
				CODE_SIGN_STYLE = Automatic;
				CURRENT_PROJECT_VERSION = 1;
				DEVELOPMENT_TEAM = H7H9P2C2C5;
				GENERATE_INFOPLIST_FILE = YES;
				INFOPLIST_FILE = CrossfadePlayer/Info.plist;
				INFOPLIST_KEY_UIApplicationSupportsIndirectInputEvents = YES;
				INFOPLIST_KEY_UILaunchStoryboardName = LaunchScreen;
				INFOPLIST_KEY_UISupportedInterfaceOrientations_iPad = "UIInterfaceOrientationPortrait UIInterfaceOrientationPortraitUpsideDown UIInterfaceOrientationLandscapeLeft UIInterfaceOrientationLandscapeRight";
				INFOPLIST_KEY_UISupportedInterfaceOrientations_iPhone = "UIInterfaceOrientationPortrait UIInterfaceOrientationLandscapeLeft UIInterfaceOrientationLandscapeRight";
				LD_RUNPATH_SEARCH_PATHS = (
					"$(inherited)",
					"@executable_path/Frameworks",
				);
				MARKETING_VERSION = 1.0;
				PRODUCT_BUNDLE_IDENTIFIER = "Egor-Tushev.CrossfadePlayer";
				PRODUCT_NAME = "$(TARGET_NAME)";
				SWIFT_EMIT_LOC_STRINGS = YES;
				SWIFT_VERSION = 5.0;
				TARGETED_DEVICE_FAMILY = "1,2";
			};
			name = Release;
		};
/* End XCBuildConfiguration section */

/* Begin XCConfigurationList section */
		77789EE12815858800C369C6 /* Build configuration list for PBXProject "CrossfadePlayer" */ = {
			isa = XCConfigurationList;
			buildConfigurations = (
				77789EF82815858900C369C6 /* Debug */,
				77789EF92815858900C369C6 /* Release */,
			);
			defaultConfigurationIsVisible = 0;
			defaultConfigurationName = Release;
		};
		77789EFA2815858900C369C6 /* Build configuration list for PBXNativeTarget "CrossfadePlayer" */ = {
			isa = XCConfigurationList;
			buildConfigurations = (
				77789EFB2815858900C369C6 /* Debug */,
				77789EFC2815858900C369C6 /* Release */,
			);
			defaultConfigurationIsVisible = 0;
			defaultConfigurationName = Release;
		};
/* End XCConfigurationList section */

/* Begin XCRemoteSwiftPackageReference section */
		77AB7886281597230028516E /* XCRemoteSwiftPackageReference "SnapKit" */ = {
			isa = XCRemoteSwiftPackageReference;
			repositoryURL = "https://github.com/SnapKit/SnapKit";
			requirement = {
				kind = upToNextMajorVersion;
				minimumVersion = 5.0.0;
			};
		};
/* End XCRemoteSwiftPackageReference section */

/* Begin XCSwiftPackageProductDependency section */
		77AB7887281597230028516E /* SnapKit */ = {
			isa = XCSwiftPackageProductDependency;
			package = 77AB7886281597230028516E /* XCRemoteSwiftPackageReference "SnapKit" */;
			productName = SnapKit;
		};
/* End XCSwiftPackageProductDependency section */
	};
	rootObject = 77789EDE2815858800C369C6 /* Project object */;
}
